
Microsoft Visual Studio Solution File, Format Version 12.00
# Visual Studio Version 16
VisualStudioVersion = 16.0.33529.622
MinimumVisualStudioVersion = 10.0.40219.1
Project("{9A19103F-16F7-4668-BE54-9A1E7A4F7556}") = "InventrySystem", "InventrySystem.csproj", "{A66647A8-F6C3-4730-A383-AB9A51D8E61F}"
EndProject
Global
	GlobalSection(SolutionConfigurationPlatforms) = preSolution
		Debug|Any CPU = Debug|Any CPU
		Release|Any CPU = Release|Any CPU
	EndGlobalSection
	GlobalSection(ProjectConfigurationPlatforms) = postSolution
		{A66647A8-F6C3-4730-A383-AB9A51D8E61F}.Debug|Any CPU.ActiveCfg = Debug|Any CPU
		{A66647A8-F6C3-4730-A383-AB9A51D8E61F}.Debug|Any CPU.Build.0 = Debug|Any CPU
		{A66647A8-F6C3-4730-A383-AB9A51D8E61F}.Release|Any CPU.ActiveCfg = Release|Any CPU
		{A66647A8-F6C3-4730-A383-AB9A51D8E61F}.Release|Any CPU.Build.0 = Release|Any CPU
	EndGlobalSection
	GlobalSection(SolutionProperties) = preSolution
		HideSolutionNode = FALSE
	EndGlobalSection
	GlobalSection(ExtensibilityGlobals) = postSolution
		SolutionGuid = {BB99E66F-69D7-4D3B-B5DC-007E4E5E8757}
	EndGlobalSection
EndGlobal
